
Microsoft Visual Studio Solution File, Format Version 12.00
# Visual Studio 15
VisualStudioVersion = 15.0.27130.2010
MinimumVisualStudioVersion = 10.0.40219.1
Project("{FAE04EC0-301F-11D3-BF4B-00C04F79EFBC}") = "Toy Store", "Toy Store\Toy Store.csproj", "{9175DF73-2139-4DD6-BA38-4A6A9B8F3CEB}"
EndProject
Global
	GlobalSection(SolutionConfigurationPlatforms) = preSolution
		Debug|Any CPU = Debug|Any CPU
		Release|Any CPU = Release|Any CPU
	EndGlobalSection
	GlobalSection(ProjectConfigurationPlatforms) = postSolution
		{9175DF73-2139-4DD6-BA38-4A6A9B8F3CEB}.Debug|Any CPU.ActiveCfg = Debug|Any CPU
		{9175DF73-2139-4DD6-BA38-4A6A9B8F3CEB}.Debug|Any CPU.Build.0 = Debug|Any CPU
		{9175DF73-2139-4DD6-BA38-4A6A9B8F3CEB}.Release|Any CPU.ActiveCfg = Release|Any CPU
		{9175DF73-2139-4DD6-BA38-4A6A9B8F3CEB}.Release|Any CPU.Build.0 = Release|Any CPU
	EndGlobalSection
	GlobalSection(SolutionProperties) = preSolution
		HideSolutionNode = FALSE
	EndGlobalSection
	GlobalSection(ExtensibilityGlobals) = postSolution
		SolutionGuid = {32E9D235-DC60-4E47-AB87-DD6AFA4E0FE5}
	EndGlobalSection
EndGlobal
