
Microsoft Visual Studio Solution File, Format Version 12.00
# Visual Studio 15
VisualStudioVersion = 15.0.27130.2010
MinimumVisualStudioVersion = 10.0.40219.1
Project("{E24C65DC-7377-472B-9ABA-BC803B73C61A}") = "BootstrapWebPage", "BootstrapWebPage\", "{C2E6810A-A367-4182-B2D3-62B1D30C2EF6}"
	ProjectSection(WebsiteProperties) = preProject
		TargetFrameworkMoniker = ".NETFramework,Version%3Dv4.6.1"
		Debug.AspNetCompiler.VirtualPath = "/localhost_63048"
		Debug.AspNetCompiler.PhysicalPath = "BootstrapWebPage\"
		Debug.AspNetCompiler.TargetPath = "PrecompiledWeb\localhost_63048\"
		Debug.AspNetCompiler.Updateable = "true"
		Debug.AspNetCompiler.ForceOverwrite = "true"
		Debug.AspNetCompiler.FixedNames = "false"
		Debug.AspNetCompiler.Debug = "True"
		Release.AspNetCompiler.VirtualPath = "/localhost_63048"
		Release.AspNetCompiler.PhysicalPath = "BootstrapWebPage\"
		Release.AspNetCompiler.TargetPath = "PrecompiledWeb\localhost_63048\"
		Release.AspNetCompiler.Updateable = "true"
		Release.AspNetCompiler.ForceOverwrite = "true"
		Release.AspNetCompiler.FixedNames = "false"
		Release.AspNetCompiler.Debug = "False"
		VWDPort = "63048"
		SlnRelativePath = "BootstrapWebPage\"
		DefaultWebSiteLanguage = "Visual C#"
	EndProjectSection
EndProject
Global
	GlobalSection(SolutionConfigurationPlatforms) = preSolution
		Debug|Any CPU = Debug|Any CPU
	EndGlobalSection
	GlobalSection(ProjectConfigurationPlatforms) = postSolution
		{C2E6810A-A367-4182-B2D3-62B1D30C2EF6}.Debug|Any CPU.ActiveCfg = Debug|Any CPU
		{C2E6810A-A367-4182-B2D3-62B1D30C2EF6}.Debug|Any CPU.Build.0 = Debug|Any CPU
	EndGlobalSection
	GlobalSection(SolutionProperties) = preSolution
		HideSolutionNode = FALSE
	EndGlobalSection
	GlobalSection(ExtensibilityGlobals) = postSolution
		SolutionGuid = {0C218EDC-B999-4699-B003-775C2B6B3A25}
	EndGlobalSection
EndGlobal
