
Microsoft Visual Studio Solution File, Format Version 12.00
# Visual Studio 15
VisualStudioVersion = 15.0.27130.2010
MinimumVisualStudioVersion = 10.0.40219.1
Project("{FAE04EC0-301F-11D3-BF4B-00C04F79EFBC}") = "PetAdoption", "PetAdoption\PetAdoption.csproj", "{4EA87EAE-728F-48A3-8B6C-BBDF9C1E6683}"
EndProject
Global
	GlobalSection(SolutionConfigurationPlatforms) = preSolution
		Debug|Any CPU = Debug|Any CPU
		Release|Any CPU = Release|Any CPU
	EndGlobalSection
	GlobalSection(ProjectConfigurationPlatforms) = postSolution
		{4EA87EAE-728F-48A3-8B6C-BBDF9C1E6683}.Debug|Any CPU.ActiveCfg = Debug|Any CPU
		{4EA87EAE-728F-48A3-8B6C-BBDF9C1E6683}.Debug|Any CPU.Build.0 = Debug|Any CPU
		{4EA87EAE-728F-48A3-8B6C-BBDF9C1E6683}.Release|Any CPU.ActiveCfg = Release|Any CPU
		{4EA87EAE-728F-48A3-8B6C-BBDF9C1E6683}.Release|Any CPU.Build.0 = Release|Any CPU
	EndGlobalSection
	GlobalSection(SolutionProperties) = preSolution
		HideSolutionNode = FALSE
	EndGlobalSection
	GlobalSection(ExtensibilityGlobals) = postSolution
		SolutionGuid = {3472D8B1-529F-4F61-9804-3D7820D500FE}
	EndGlobalSection
EndGlobal
